
Microsoft Visual Studio Solution File, Format Version 12.00
# Visual Studio Version 17
VisualStudioVersion = 17.0.31903.59
MinimumVisualStudioVersion = 10.0.40219.1
Project("{FAE04EC0-301F-11D3-BF4B-00C04F79EFBC}") = "Frontend", "Frontend\Frontend.csproj", "{AC3C08E7-57A1-4F9D-BD15-97887A611322}"
EndProject
Project("{FAE04EC0-301F-11D3-BF4B-00C04F79EFBC}") = "Criptografia", "Criptografia\Criptografia.csproj", "{1CA3257D-BE41-4F8D-B595-B40B905807C3}"
EndProject
Global
	GlobalSection(SolutionConfigurationPlatforms) = preSolution
		Debug|Any CPU = Debug|Any CPU
		Release|Any CPU = Release|Any CPU
	EndGlobalSection
	GlobalSection(SolutionProperties) = preSolution
		HideSolutionNode = FALSE
	EndGlobalSection
	GlobalSection(ProjectConfigurationPlatforms) = postSolution
		{AC3C08E7-57A1-4F9D-BD15-97887A611322}.Debug|Any CPU.ActiveCfg = Debug|Any CPU
		{AC3C08E7-57A1-4F9D-BD15-97887A611322}.Debug|Any CPU.Build.0 = Debug|Any CPU
		{AC3C08E7-57A1-4F9D-BD15-97887A611322}.Release|Any CPU.ActiveCfg = Release|Any CPU
		{AC3C08E7-57A1-4F9D-BD15-97887A611322}.Release|Any CPU.Build.0 = Release|Any CPU
		{1CA3257D-BE41-4F8D-B595-B40B905807C3}.Debug|Any CPU.ActiveCfg = Debug|Any CPU
		{1CA3257D-BE41-4F8D-B595-B40B905807C3}.Debug|Any CPU.Build.0 = Debug|Any CPU
		{1CA3257D-BE41-4F8D-B595-B40B905807C3}.Release|Any CPU.ActiveCfg = Release|Any CPU
		{1CA3257D-BE41-4F8D-B595-B40B905807C3}.Release|Any CPU.Build.0 = Release|Any CPU
	EndGlobalSection
EndGlobal
